
Microsoft Visual Studio Solution File, Format Version 12.00
# Visual Studio Version 17
VisualStudioVersion = 17.7.34031.279
MinimumVisualStudioVersion = 10.0.40219.1
Project("{FAE04EC0-301F-11D3-BF4B-00C04F79EFBC}") = "SeleniumWaitExercise", "SeleniumWaitExercise\SeleniumWaitExercise.csproj", "{B2E44942-91A1-4E69-B823-B9BA4A38926E}"
EndProject
Project("{FAE04EC0-301F-11D3-BF4B-00C04F79EFBC}") = "ExplicitWaits", "ExplicitWaits\ExplicitWaits.csproj", "{BD083956-96DE-411E-A451-0A174E2C05D7}"
EndProject
Project("{FAE04EC0-301F-11D3-BF4B-00C04F79EFBC}") = "HandlingTabs", "HandlingTabs\HandlingTabs.csproj", "{3F95AA67-928B-49F0-8B51-706C6CD70E20}"
EndProject
Project("{FAE04EC0-301F-11D3-BF4B-00C04F79EFBC}") = "AlertHandling", "AlertHandling\AlertHandling.csproj", "{2D46DD00-0869-464D-9D90-DED29D33EDD3}"
EndProject
Project("{FAE04EC0-301F-11D3-BF4B-00C04F79EFBC}") = "IFramesTesting", "IFramesTesting\IFramesTesting.csproj", "{72771B99-D759-4963-9DA6-A8F8B573848B}"
EndProject
Global
	GlobalSection(SolutionConfigurationPlatforms) = preSolution
		Debug|Any CPU = Debug|Any CPU
		Release|Any CPU = Release|Any CPU
	EndGlobalSection
	GlobalSection(ProjectConfigurationPlatforms) = postSolution
		{B2E44942-91A1-4E69-B823-B9BA4A38926E}.Debug|Any CPU.ActiveCfg = Debug|Any CPU
		{B2E44942-91A1-4E69-B823-B9BA4A38926E}.Debug|Any CPU.Build.0 = Debug|Any CPU
		{B2E44942-91A1-4E69-B823-B9BA4A38926E}.Release|Any CPU.ActiveCfg = Release|Any CPU
		{B2E44942-91A1-4E69-B823-B9BA4A38926E}.Release|Any CPU.Build.0 = Release|Any CPU
		{BD083956-96DE-411E-A451-0A174E2C05D7}.Debug|Any CPU.ActiveCfg = Debug|Any CPU
		{BD083956-96DE-411E-A451-0A174E2C05D7}.Debug|Any CPU.Build.0 = Debug|Any CPU
		{BD083956-96DE-411E-A451-0A174E2C05D7}.Release|Any CPU.ActiveCfg = Release|Any CPU
		{BD083956-96DE-411E-A451-0A174E2C05D7}.Release|Any CPU.Build.0 = Release|Any CPU
		{3F95AA67-928B-49F0-8B51-706C6CD70E20}.Debug|Any CPU.ActiveCfg = Debug|Any CPU
		{3F95AA67-928B-49F0-8B51-706C6CD70E20}.Debug|Any CPU.Build.0 = Debug|Any CPU
		{3F95AA67-928B-49F0-8B51-706C6CD70E20}.Release|Any CPU.ActiveCfg = Release|Any CPU
		{3F95AA67-928B-49F0-8B51-706C6CD70E20}.Release|Any CPU.Build.0 = Release|Any CPU
		{2D46DD00-0869-464D-9D90-DED29D33EDD3}.Debug|Any CPU.ActiveCfg = Debug|Any CPU
		{2D46DD00-0869-464D-9D90-DED29D33EDD3}.Debug|Any CPU.Build.0 = Debug|Any CPU
		{2D46DD00-0869-464D-9D90-DED29D33EDD3}.Release|Any CPU.ActiveCfg = Release|Any CPU
		{2D46DD00-0869-464D-9D90-DED29D33EDD3}.Release|Any CPU.Build.0 = Release|Any CPU
		{72771B99-D759-4963-9DA6-A8F8B573848B}.Debug|Any CPU.ActiveCfg = Debug|Any CPU
		{72771B99-D759-4963-9DA6-A8F8B573848B}.Debug|Any CPU.Build.0 = Debug|Any CPU
		{72771B99-D759-4963-9DA6-A8F8B573848B}.Release|Any CPU.ActiveCfg = Release|Any CPU
		{72771B99-D759-4963-9DA6-A8F8B573848B}.Release|Any CPU.Build.0 = Release|Any CPU
	EndGlobalSection
	GlobalSection(SolutionProperties) = preSolution
		HideSolutionNode = FALSE
	EndGlobalSection
	GlobalSection(ExtensibilityGlobals) = postSolution
		SolutionGuid = {D060162A-D0A5-4D58-AE84-11DEA5BC8046}
	EndGlobalSection
EndGlobal
